
Microsoft Visual Studio Solution File, Format Version 12.00
# Visual Studio 14
VisualStudioVersion = 14.0.25420.1
MinimumVisualStudioVersion = 10.0.40219.1
Project("{FAE04EC0-301F-11D3-BF4B-00C04F79EFBC}") = "MyBlockchain.Tests", "MyBlockchain.Tests\MyBlockchain.Tests.csproj", "{D4FC4290-F61B-48E6-A51E-B14A2DC8ECB2}"
EndProject
Project("{FAE04EC0-301F-11D3-BF4B-00C04F79EFBC}") = "MyBlockchain.Server", "MyBlockchain.Server\MyBlockchain.Server.csproj", "{81040729-7EA5-4288-8E1E-47BF1EF2410D}"
EndProject
Project("{FAE04EC0-301F-11D3-BF4B-00C04F79EFBC}") = "MyBlockchain.Business", "MyBlockchain.Business\MyBlockchain.Business.csproj", "{87D099A0-5EB9-46C3-B403-898FC083650E}"
EndProject
Global
	GlobalSection(SolutionConfigurationPlatforms) = preSolution
		Debug|Any CPU = Debug|Any CPU
		Release|Any CPU = Release|Any CPU
	EndGlobalSection
	GlobalSection(ProjectConfigurationPlatforms) = postSolution
		{D4FC4290-F61B-48E6-A51E-B14A2DC8ECB2}.Debug|Any CPU.ActiveCfg = Debug|Any CPU
		{D4FC4290-F61B-48E6-A51E-B14A2DC8ECB2}.Debug|Any CPU.Build.0 = Debug|Any CPU
		{D4FC4290-F61B-48E6-A51E-B14A2DC8ECB2}.Release|Any CPU.ActiveCfg = Release|Any CPU
		{D4FC4290-F61B-48E6-A51E-B14A2DC8ECB2}.Release|Any CPU.Build.0 = Release|Any CPU
		{81040729-7EA5-4288-8E1E-47BF1EF2410D}.Debug|Any CPU.ActiveCfg = Debug|Any CPU
		{81040729-7EA5-4288-8E1E-47BF1EF2410D}.Debug|Any CPU.Build.0 = Debug|Any CPU
		{81040729-7EA5-4288-8E1E-47BF1EF2410D}.Release|Any CPU.ActiveCfg = Release|Any CPU
		{81040729-7EA5-4288-8E1E-47BF1EF2410D}.Release|Any CPU.Build.0 = Release|Any CPU
		{87D099A0-5EB9-46C3-B403-898FC083650E}.Debug|Any CPU.ActiveCfg = Debug|Any CPU
		{87D099A0-5EB9-46C3-B403-898FC083650E}.Debug|Any CPU.Build.0 = Debug|Any CPU
		{87D099A0-5EB9-46C3-B403-898FC083650E}.Release|Any CPU.ActiveCfg = Release|Any CPU
		{87D099A0-5EB9-46C3-B403-898FC083650E}.Release|Any CPU.Build.0 = Release|Any CPU
	EndGlobalSection
	GlobalSection(SolutionProperties) = preSolution
		HideSolutionNode = FALSE
	EndGlobalSection
EndGlobal
